<?xml version="1.0" encoding="UTF-8" standalone="yes" ?>
<CodeBlocks_project_file>
	<FileVersion major="1" minor="6" />
	<Project>
		<Option title="SoftTH_D3D10_1" />
		<Option platforms="Windows;" />
		<Option pch_mode="2" />
		<Option compiler="microsoft_visual_c_2015_community_x86" />
		<MakeCommands>
			<Build command="" />
			<CompileFile command="" />
			<Clean command="" />
			<DistClean command="" />
			<AskRebuildNeeded command="" />
			<SilentBuild command=" &gt; $(CMD_NULL)" />
		</MakeCommands>
		<Build>
			<Target title="D3D10.1 Debug Win x86">
				<Option platforms="Windows;" />
				<Option output="../bin/win/x86/d3d10_1/debug/d3d10_1" imp_lib="$(TARGET_OUTPUT_DIR)$(TARGET_OUTPUT_BASENAME).a" def_file="$(TARGET_OUTPUT_DIR)$(TARGET_OUTPUT_BASENAME).def" prefix_auto="1" extension_auto="1" />
				<Option working_dir="../../SoftTHtester" />
				<Option object_output="../obj/win/x86/d3d10_1/debug/" />
				<Option type="3" />
				<Option compiler="microsoft_visual_c_2015_community_x86" />
				<Option host_application="D:/Development/SoftTHtester/bin/debug/SoftTHtester.exe" />
				<Option run_host_application_in_terminal="0" />
				<Compiler>
					<Add option="/MDd" />
					<Add option="/arch:SSE2" />
					<Add option="/Gd" />
					<Add option="/Gm" />
					<Add option="/fp:precise" />
					<Add option="/EHc" />
					<Add option="/EHs" />
					<Add option="/GS" />
					<Add option="/Zc:wchar_t" />
					<Add option="/Zc:forScope" />
					<Add option="/Zi" />
					<Add directory="$(#psdk.include)" />
					<Add directory="../include" />
				</Compiler>
				<ResourceCompiler>
					<Add directory="$(#psdk.include)" />
				</ResourceCompiler>
				<Linker>
					<Add option="/debug" />
					<Add option="/NODEFAULTLIB:libcmt" />
					<Add option="/DEF:..\make\dll_D3D10_1_x86.def" />
					<Add option="/INCREMENTAL:NO" />
					<Add option="/MANIFEST:NO" />
					<Add option="/SUBSYSTEM:WINDOWS" />
					<Add option="/OPT:REF" />
					<Add option="/OPT:ICF" />
					<Add option="/LTCG" />
					<Add option="/TLBID:1" />
					<Add option="/DYNAMICBASE" />
					<Add option="/NXCOMPAT" />
					<Add option="/MACHINE:X86" />
					<Add library="Dwmapi.lib" />
					<Add library="Winmm.lib" />
					<Add library="DXGUID.lib" />
					<Add library="d3d10_1.lib" />
					<Add library="../bin/win/x86/dxgi/debug/dxgi.lib" />
					<Add library="Advapi32.lib" />
					<Add library="Gdi32.lib" />
					<Add library="user32.lib" />
					<Add library="shell32.lib" />
					<Add library="kernel32.lib" />
					<Add directory="$(#psdk.lib)" />
				</Linker>
				<ExtraCommands>
					<Add after='&quot;$(#psdk.bin)\x86\mt.exe&quot; -manifest ..\make\CUSTOM_MANIFEST_x86.manifest -outputresource:$(TARGET_OUTPUT_FILE)' />
					<Add after='cmd.exe /c &quot;copy /Y $(TARGET_OUTPUT_FILE) ..\..\SoftTHtester\bin\debug\$(TARGET_OUTPUT_BASENAME).dll&quot;' />
					<Add after='cmd.exe /s /c &quot;copy /Y &quot;$(TARGET_OUTPUT_FILE)&quot; &quot;D:\Steam\steamapps\common\Just Cause 2\$(TARGET_OUTPUT_BASENAME).dll&quot;&quot;' />
					<Add after='cmd.exe /s /c &quot;copy /Y &quot;$(TARGET_OUTPUT_FILE)&quot; &quot;D:\Steam\steamapps\common\Assassin&apos;s Creed 3\$(TARGET_OUTPUT_BASENAME).dll&quot;&quot;' />
					<Mode after="always" />
				</ExtraCommands>
			</Target>
			<Target title="D3D10.1 Release Win x86">
				<Option platforms="Windows;" />
				<Option output="../bin/win/x86/d3d10_1/release/d3d10_1" imp_lib="$(TARGET_OUTPUT_DIR)$(TARGET_OUTPUT_BASENAME).a" def_file="$(TARGET_OUTPUT_DIR)$(TARGET_OUTPUT_BASENAME).def" prefix_auto="1" extension_auto="1" />
				<Option working_dir="../../SoftTHtester" />
				<Option object_output="../obj/win/x86/d3d10_1/release/" />
				<Option type="3" />
				<Option compiler="microsoft_visual_c_2015_community_x86" />
				<Option host_application="D:/Development/SoftTHtester/bin/release/SoftTHtester.exe" />
				<Option run_host_application_in_terminal="0" />
				<Compiler>
					<Add option="/MD" />
					<Add option="/arch:SSE2" />
					<Add option="/Gd" />
					<Add option="/GL" />
					<Add option="/fp:precise" />
					<Add option="/EHc" />
					<Add option="/EHs" />
					<Add option="/GS" />
					<Add option="/Oi" />
					<Add option="/Ot" />
					<Add option="/Zc:wchar_t" />
					<Add option="/Zc:forScope" />
					<Add directory="$(#psdk.include)" />
					<Add directory="../include" />
				</Compiler>
				<ResourceCompiler>
					<Add directory="$(#psdk.include)" />
				</ResourceCompiler>
				<Linker>
					<Add option="/NODEFAULTLIB:libcmt" />
					<Add option="/DEF:..\make\dll_D3D10_1_x86.def" />
					<Add option="/INCREMENTAL:NO" />
					<Add option="/MANIFEST:NO" />
					<Add option="/SUBSYSTEM:WINDOWS" />
					<Add option="/OPT:REF" />
					<Add option="/OPT:ICF" />
					<Add option="/LTCG" />
					<Add option="/TLBID:1" />
					<Add option="/DYNAMICBASE" />
					<Add option="/NXCOMPAT" />
					<Add option="/MACHINE:X86" />
					<Add library="Dwmapi.lib" />
					<Add library="Winmm.lib" />
					<Add library="DXGUID.lib" />
					<Add library="d3d10_1.lib" />
					<Add library="../bin/win/x86/dxgi/release/dxgi.lib" />
					<Add library="Advapi32.lib" />
					<Add library="Gdi32.lib" />
					<Add library="user32.lib" />
					<Add library="shell32.lib" />
					<Add library="kernel32.lib" />
					<Add directory="$(#psdk.lib)" />
				</Linker>
				<ExtraCommands>
					<Add after='&quot;$(#psdk.bin)\x86\mt.exe&quot; -manifest ..\make\CUSTOM_MANIFEST_x86.manifest -outputresource:$(TARGET_OUTPUT_FILE)' />
					<Add after='cmd.exe /c &quot;copy /Y $(TARGET_OUTPUT_FILE) ..\..\SoftTHtester\bin\release\$(TARGET_OUTPUT_BASENAME).dll&quot;' />
					<Add after='cmd.exe /s /c &quot;copy /Y &quot;$(TARGET_OUTPUT_FILE)&quot; &quot;D:\Steam\steamapps\common\Just Cause 2\$(TARGET_OUTPUT_BASENAME).dll&quot;&quot;' />
					<Add after='cmd.exe /s /c &quot;copy /Y &quot;$(TARGET_OUTPUT_FILE)&quot; &quot;D:\Steam\steamapps\common\Assassin&apos;s Creed 3\$(TARGET_OUTPUT_BASENAME).dll&quot;&quot;' />
					<Mode after="always" />
				</ExtraCommands>
			</Target>
		</Build>
		<VirtualTargets>
			<Add alias="D3D10.1 All" targets="D3D10.1 Debug Win x86;D3D10.1 Release Win x86;" />
		</VirtualTargets>
		<Compiler>
			<Add option="/W3" />
			<Add option="/DDXGI" />
			<Add option="/DD3D10_1" />
		</Compiler>
		<Unit filename="../src/InputHandler.cpp">
			<Option target="&lt;{~None~}&gt;" />
		</Unit>
		<Unit filename="../src/InputHandler.h">
			<Option target="&lt;{~None~}&gt;" />
		</Unit>
		<Unit filename="../src/configFile.cpp">
			<Option target="&lt;{~None~}&gt;" />
		</Unit>
		<Unit filename="../src/configFile.h">
			<Option target="&lt;{~None~}&gt;" />
		</Unit>
		<Unit filename="../src/d3d10_1exports.cpp">
			<Option target="&lt;{~None~}&gt;" />
		</Unit>
		<Unit filename="../src/d3d10_1main.cpp" />
		<Unit filename="../src/d3d10_1main.h" />
		<Unit filename="../src/dxgiAdapterOutput.cpp">
			<Option target="&lt;{~None~}&gt;" />
		</Unit>
		<Unit filename="../src/dxgiAdapterOutput.h">
			<Option target="&lt;{~None~}&gt;" />
		</Unit>
		<Unit filename="../src/dxgiFactory.cpp">
			<Option target="&lt;{~None~}&gt;" />
		</Unit>
		<Unit filename="../src/dxgiFactory.h">
			<Option target="&lt;{~None~}&gt;" />
		</Unit>
		<Unit filename="../src/dxgiSwapChain.cpp">
			<Option target="&lt;{~None~}&gt;" />
		</Unit>
		<Unit filename="../src/dxgiSwapChain.h">
			<Option target="&lt;{~None~}&gt;" />
		</Unit>
		<Unit filename="../src/helper.cpp">
			<Option target="&lt;{~None~}&gt;" />
		</Unit>
		<Unit filename="../src/helper.h">
			<Option target="&lt;{~None~}&gt;" />
		</Unit>
		<Unit filename="../src/module.cpp" />
		<Unit filename="../src/module.h" />
		<Unit filename="../src/outD3D10.cpp">
			<Option target="&lt;{~None~}&gt;" />
		</Unit>
		<Unit filename="../src/outD3D10.h">
			<Option target="&lt;{~None~}&gt;" />
		</Unit>
		<Unit filename="../src/overlay_interface.cpp">
			<Option target="&lt;{~None~}&gt;" />
		</Unit>
		<Unit filename="../src/overlay_interface.h">
			<Option target="&lt;{~None~}&gt;" />
		</Unit>
		<Unit filename="../src/win32.cpp">
			<Option target="&lt;{~None~}&gt;" />
		</Unit>
		<Unit filename="../src/win32.h">
			<Option target="&lt;{~None~}&gt;" />
		</Unit>
		<Extensions>
			<code_completion />
			<envvars />
			<debugger />
			<lib_finder disable_auto="1" />
		</Extensions>
	</Project>
</CodeBlocks_project_file>
